
Microsoft Visual Studio Solution File, Format Version 12.00
# Visual Studio Version 17
VisualStudioVersion = 17.9.34902.65
MinimumVisualStudioVersion = 10.0.40219.1
Project("{9A19103F-16F7-4668-BE54-9A1E7A4F7556}") = "ecommerceAPI", "ecommerceAPI\ecommerceAPI.csproj", "{DC416279-667E-46E7-BB36-0E0CD4906FE8}"
EndProject
Global
	GlobalSection(SolutionConfigurationPlatforms) = preSolution
		Debug|Any CPU = Debug|Any CPU
		Release|Any CPU = Release|Any CPU
	EndGlobalSection
	GlobalSection(ProjectConfigurationPlatforms) = postSolution
		{DC416279-667E-46E7-BB36-0E0CD4906FE8}.Debug|Any CPU.ActiveCfg = Debug|Any CPU
		{DC416279-667E-46E7-BB36-0E0CD4906FE8}.Debug|Any CPU.Build.0 = Debug|Any CPU
		{DC416279-667E-46E7-BB36-0E0CD4906FE8}.Release|Any CPU.ActiveCfg = Release|Any CPU
		{DC416279-667E-46E7-BB36-0E0CD4906FE8}.Release|Any CPU.Build.0 = Release|Any CPU
	EndGlobalSection
	GlobalSection(SolutionProperties) = preSolution
		HideSolutionNode = FALSE
	EndGlobalSection
	GlobalSection(ExtensibilityGlobals) = postSolution
		SolutionGuid = {26391EEB-E2E7-47FD-A390-E434A28FDA50}
	EndGlobalSection
EndGlobal
